<?xml version="1.0" encoding="utf-8"?>
<Project ToolsVersion="4.0" xmlns="http://schemas.microsoft.com/developer/msbuild/2003">
  <ItemGroup>
    <Filter Include="Pliki źródłowe">
      <UniqueIdentifier>{4FC737F1-C7A5-4376-A066-2A32D752A2FF}</UniqueIdentifier>
      <Extensions>cpp;c;cc;cxx;c++;cppm;ixx;def;odl;idl;hpj;bat;asm;asmx</Extensions>
    </Filter>
    <Filter Include="Pliki nagłówkowe">
      <UniqueIdentifier>{93995380-89BD-4b04-88EB-625FBE52EBFB}</UniqueIdentifier>
      <Extensions>h;hh;hpp;hxx;h++;hm;inl;inc;ipp;xsd</Extensions>
    </Filter>
    <Filter Include="Pliki zasobów">
      <UniqueIdentifier>{67DA6AB6-F800-4c08-8B7A-83BB121AAD01}</UniqueIdentifier>
      <Extensions>rc;ico;cur;bmp;dlg;rc2;rct;bin;rgs;gif;jpg;jpeg;jpe;resx;tiff;tif;png;wav;mfcribbon-ms</Extensions>
    </Filter>
  </ItemGroup>
  <ItemGroup>
    <ClCompile Include="main.cpp">
      <Filter>Pliki źródłowe</Filter>
    </ClCompile>
    <ClCompile Include="shader.cpp">
      <Filter>Pliki źródłowe</Filter>
    </ClCompile>
    <ClCompile Include="stb_image.cpp">
      <Filter>Pliki źródłowe</Filter>
    </ClCompile>
    <ClCompile Include="glad.c">
      <Filter>Pliki źródłowe</Filter>
    </ClCompile>
    <ClCompile Include="Sphere.cpp">
      <Filter>Pliki źródłowe</Filter>
    </ClCompile>
    <ClCompile Include="flag.cpp">
      <Filter>Pliki źródłowe</Filter>
    </ClCompile>
  </ItemGroup>
  <ItemGroup>
    <ClInclude Include="glm\glm.hpp">
      <Filter>Pliki nagłówkowe</Filter>
    </ClInclude>
    <ClInclude Include="headers\stb_image.h">
      <Filter>Pliki nagłówkowe</Filter>
    </ClInclude>
    <ClInclude Include="headers\camera.h">
      <Filter>Pliki nagłówkowe</Filter>
    </ClInclude>
    <ClInclude Include="headers\mesh.h">
      <Filter>Pliki nagłówkowe</Filter>
    </ClInclude>
    <ClInclude Include="headers\model.h">
      <Filter>Pliki nagłówkowe</Filter>
    </ClInclude>
    <ClInclude Include="headers\shader.h">
      <Filter>Pliki nagłówkowe</Filter>
    </ClInclude>
    <ClInclude Include="headers\Sphere.h">
      <Filter>Pliki nagłówkowe</Filter>
    </ClInclude>
    <ClInclude Include="headers\flag.h">
      <Filter>Pliki nagłówkowe</Filter>
    </ClInclude>
  </ItemGroup>
  <ItemGroup>
    <None Include="shaders\floor_shader.fs">
      <Filter>Pliki zasobów</Filter>
    </None>
    <None Include="shaders\floor_shader.vs">
      <Filter>Pliki zasobów</Filter>
    </None>
    <None Include="shaders\light_cube_shader.fs">
      <Filter>Pliki zasobów</Filter>
    </None>
    <None Include="shaders\light_cube_shader.vs">
      <Filter>Pliki zasobów</Filter>
    </None>
    <None Include="shaders\shader.fs">
      <Filter>Pliki zasobów</Filter>
    </None>
    <None Include="shaders\shader.vs">
      <Filter>Pliki zasobów</Filter>
    </None>
    <None Include="shaders\skybox_shader.fs">
      <Filter>Pliki zasobów</Filter>
    </None>
    <None Include="shaders\skybox_shader.vs">
      <Filter>Pliki zasobów</Filter>
    </None>
    <None Include="shaders\sphere_shader.fs">
      <Filter>Pliki zasobów</Filter>
    </None>
    <None Include="shaders\container_shader.fs">
      <Filter>Pliki zasobów</Filter>
    </None>
    <None Include="shaders\container_shader.vs">
      <Filter>Pliki zasobów</Filter>
    </None>
    <None Include="shaders\sphere_shader.vs">
      <Filter>Pliki zasobów</Filter>
    </None>
    <None Include="shaders\flag_shader.tcs">
      <Filter>Pliki zasobów</Filter>
    </None>
    <None Include="shaders\flag_shader.tes">
      <Filter>Pliki zasobów</Filter>
    </None>
    <None Include="shaders\flag_shader.vs">
      <Filter>Pliki zasobów</Filter>
    </None>
    <None Include="shaders\flag_shader.fs">
      <Filter>Pliki zasobów</Filter>
    </None>
  </ItemGroup>
</Project>